PODS:
  - ReactiveCocoa (10.2.0):
    - ReactiveSwift (~> 6.2)
  - ReactiveSwift (6.2.0)

DEPENDENCIES:
  - ReactiveCocoa (~> 10.1)

SPEC REPOS:
  trunk:
    - ReactiveCocoa
    - ReactiveSwift

SPEC CHECKSUMS:
  ReactiveCocoa: a123c42f449c552460a4ee217dd49c76a17c8204
  ReactiveSwift: 3dc8800378110b13d40b46ab362afa9f6bcffc6c

PODFILE CHECKSUM: 11531b820e4d0b407dba87c6d8f7a5677717853b

COCOAPODS: 1.8.4
