// !$*UTF8*$!
{
	archiveVersion = 1;
	classes = {
	};
	objectVersion = 50;
	objects = {

/* Begin PBXBuildFile section */
		5A25AE1E23F692BF00FB0337 /* AppDelegate.m in Sources */ = {isa = PBXBuildFile; fileRef = 5A25AE1D23F692BF00FB0337 /* AppDelegate.m */; };
		5A25AE2123F692BF00FB0337 /* SceneDelegate.m in Sources */ = {isa = PBXBuildFile; fileRef = 5A25AE2023F692BF00FB0337 /* SceneDelegate.m */; };
		5A25AE2423F692BF00FB0337 /* ViewController.m in Sources */ = {isa = PBXBuildFile; fileRef = 5A25AE2323F692BF00FB0337 /* ViewController.m */; };
		5A25AE2723F692BF00FB0337 /* Main.storyboard in Resources */ = {isa = PBXBuildFile; fileRef = 5A25AE2523F692BF00FB0337 /* Main.storyboard */; };
		5A25AE2923F692C100FB0337 /* Assets.xcassets in Resources */ = {isa = PBXBuildFile; fileRef = 5A25AE2823F692C100FB0337 /* Assets.xcassets */; };
		5A25AE2C23F692C100FB0337 /* LaunchScreen.storyboard in Resources */ = {isa = PBXBuildFile; fileRef = 5A25AE2A23F692C100FB0337 /* LaunchScreen.storyboard */; };
		5A25AE2F23F692C100FB0337 /* main.m in Sources */ = {isa = PBXBuildFile; fileRef = 5A25AE2E23F692C100FB0337 /* main.m */; };
		5A25AE3C23F694EB00FB0337 /* K8Keyboard.m in Sources */ = {isa = PBXBuildFile; fileRef = 5A25AE3823F694EB00FB0337 /* K8Keyboard.m */; };
		5A25AE3D23F694EB00FB0337 /* K8Keyboard.xib in Resources */ = {isa = PBXBuildFile; fileRef = 5A25AE3923F694EB00FB0337 /* K8Keyboard.xib */; };
		5A25AE3E23F694EB00FB0337 /* K8KeyboardViewController.m in Sources */ = {isa = PBXBuildFile; fileRef = 5A25AE3B23F694EB00FB0337 /* K8KeyboardViewController.m */; };
		5A25AE4C23F6A77100FB0337 /* BettingOrderViewController.xib in Resources */ = {isa = PBXBuildFile; fileRef = 5A25AE4923F6A77000FB0337 /* BettingOrderViewController.xib */; };
		5A25AE4D23F6A77100FB0337 /* BettingOrderViewController.m in Sources */ = {isa = PBXBuildFile; fileRef = 5A25AE4A23F6A77000FB0337 /* BettingOrderViewController.m */; };
		5A25AE5023F6A78900FB0337 /* BettingOrderViewModel.m in Sources */ = {isa = PBXBuildFile; fileRef = 5A25AE4F23F6A78900FB0337 /* BettingOrderViewModel.m */; };
		5A25AE5323F6A79B00FB0337 /* BettingOrderModel.m in Sources */ = {isa = PBXBuildFile; fileRef = 5A25AE5223F6A79B00FB0337 /* BettingOrderModel.m */; };
/* End PBXBuildFile section */

/* Begin PBXFileReference section */
		5A25AE1923F692BF00FB0337 /* BetKeyboard.app */ = {isa = PBXFileReference; explicitFileType = wrapper.application; includeInIndex = 0; path = BetKeyboard.app; sourceTree = BUILT_PRODUCTS_DIR; };
		5A25AE1C23F692BF00FB0337 /* AppDelegate.h */ = {isa = PBXFileReference; lastKnownFileType = sourcecode.c.h; path = AppDelegate.h; sourceTree = "<group>"; };
		5A25AE1D23F692BF00FB0337 /* AppDelegate.m */ = {isa = PBXFileReference; lastKnownFileType = sourcecode.c.objc; path = AppDelegate.m; sourceTree = "<group>"; };
		5A25AE1F23F692BF00FB0337 /* SceneDelegate.h */ = {isa = PBXFileReference; lastKnownFileType = sourcecode.c.h; path = SceneDelegate.h; sourceTree = "<group>"; };
		5A25AE2023F692BF00FB0337 /* SceneDelegate.m */ = {isa = PBXFileReference; lastKnownFileType = sourcecode.c.objc; path = SceneDelegate.m; sourceTree = "<group>"; };
		5A25AE2223F692BF00FB0337 /* ViewController.h */ = {isa = PBXFileReference; lastKnownFileType = sourcecode.c.h; path = ViewController.h; sourceTree = "<group>"; };
		5A25AE2323F692BF00FB0337 /* ViewController.m */ = {isa = PBXFileReference; lastKnownFileType = sourcecode.c.objc; path = ViewController.m; sourceTree = "<group>"; };
		5A25AE2623F692BF00FB0337 /* Base */ = {isa = PBXFileReference; lastKnownFileType = file.storyboard; name = Base; path = Base.lproj/Main.storyboard; sourceTree = "<group>"; };
		5A25AE2823F692C100FB0337 /* Assets.xcassets */ = {isa = PBXFileReference; lastKnownFileType = folder.assetcatalog; path = Assets.xcassets; sourceTree = "<group>"; };
		5A25AE2B23F692C100FB0337 /* Base */ = {isa = PBXFileReference; lastKnownFileType = file.storyboard; name = Base; path = Base.lproj/LaunchScreen.storyboard; sourceTree = "<group>"; };
		5A25AE2D23F692C100FB0337 /* Info.plist */ = {isa = PBXFileReference; lastKnownFileType = text.plist.xml; path = Info.plist; sourceTree = "<group>"; };
		5A25AE2E23F692C100FB0337 /* main.m */ = {isa = PBXFileReference; lastKnownFileType = sourcecode.c.objc; path = main.m; sourceTree = "<group>"; };
		5A25AE3623F694EB00FB0337 /* K8KeyboardViewController.h */ = {isa = PBXFileReference; fileEncoding = 4; lastKnownFileType = sourcecode.c.h; path = K8KeyboardViewController.h; sourceTree = "<group>"; };
		5A25AE3823F694EB00FB0337 /* K8Keyboard.m */ = {isa = PBXFileReference; fileEncoding = 4; lastKnownFileType = sourcecode.c.objc; path = K8Keyboard.m; sourceTree = "<group>"; };
		5A25AE3923F694EB00FB0337 /* K8Keyboard.xib */ = {isa = PBXFileReference; fileEncoding = 4; lastKnownFileType = file.xib; path = K8Keyboard.xib; sourceTree = "<group>"; };
		5A25AE3A23F694EB00FB0337 /* K8Keyboard.h */ = {isa = PBXFileReference; fileEncoding = 4; lastKnownFileType = sourcecode.c.h; path = K8Keyboard.h; sourceTree = "<group>"; };
		5A25AE3B23F694EB00FB0337 /* K8KeyboardViewController.m */ = {isa = PBXFileReference; fileEncoding = 4; lastKnownFileType = sourcecode.c.objc; path = K8KeyboardViewController.m; sourceTree = "<group>"; };
		5A25AE4923F6A77000FB0337 /* BettingOrderViewController.xib */ = {isa = PBXFileReference; fileEncoding = 4; lastKnownFileType = file.xib; path = BettingOrderViewController.xib; sourceTree = "<group>"; };
		5A25AE4A23F6A77000FB0337 /* BettingOrderViewController.m */ = {isa = PBXFileReference; fileEncoding = 4; lastKnownFileType = sourcecode.c.objc; path = BettingOrderViewController.m; sourceTree = "<group>"; };
		5A25AE4B23F6A77000FB0337 /* BettingOrderViewController.h */ = {isa = PBXFileReference; fileEncoding = 4; lastKnownFileType = sourcecode.c.h; path = BettingOrderViewController.h; sourceTree = "<group>"; };
		5A25AE4E23F6A78900FB0337 /* BettingOrderViewModel.h */ = {isa = PBXFileReference; lastKnownFileType = sourcecode.c.h; path = BettingOrderViewModel.h; sourceTree = "<group>"; };
		5A25AE4F23F6A78900FB0337 /* BettingOrderViewModel.m */ = {isa = PBXFileReference; lastKnownFileType = sourcecode.c.objc; path = BettingOrderViewModel.m; sourceTree = "<group>"; };
		5A25AE5123F6A79B00FB0337 /* BettingOrderModel.h */ = {isa = PBXFileReference; lastKnownFileType = sourcecode.c.h; path = BettingOrderModel.h; sourceTree = "<group>"; };
		5A25AE5223F6A79B00FB0337 /* BettingOrderModel.m */ = {isa = PBXFileReference; lastKnownFileType = sourcecode.c.objc; path = BettingOrderModel.m; sourceTree = "<group>"; };
/* End PBXFileReference section */

/* Begin PBXFrameworksBuildPhase section */
		5A25AE1623F692BF00FB0337 /* Frameworks */ = {
			isa = PBXFrameworksBuildPhase;
			buildActionMask = 2147483647;
			files = (
			);
			runOnlyForDeploymentPostprocessing = 0;
		};
/* End PBXFrameworksBuildPhase section */

/* Begin PBXGroup section */
		5A25AE1023F692BF00FB0337 = {
			isa = PBXGroup;
			children = (
				5A25AE1B23F692BF00FB0337 /* BetKeyboard */,
				5A25AE1A23F692BF00FB0337 /* Products */,
			);
			sourceTree = "<group>";
		};
		5A25AE1A23F692BF00FB0337 /* Products */ = {
			isa = PBXGroup;
			children = (
				5A25AE1923F692BF00FB0337 /* BetKeyboard.app */,
			);
			name = Products;
			sourceTree = "<group>";
		};
		5A25AE1B23F692BF00FB0337 /* BetKeyboard */ = {
			isa = PBXGroup;
			children = (
				5A25AE1C23F692BF00FB0337 /* AppDelegate.h */,
				5A25AE1D23F692BF00FB0337 /* AppDelegate.m */,
				5A25AE1F23F692BF00FB0337 /* SceneDelegate.h */,
				5A25AE2023F692BF00FB0337 /* SceneDelegate.m */,
				5A25AE2223F692BF00FB0337 /* ViewController.h */,
				5A25AE2323F692BF00FB0337 /* ViewController.m */,
				5A25AE4823F6A77000FB0337 /* BettingOrderViewController */,
				5A25AE3523F694EB00FB0337 /* K8KeyboardViewController */,
				5A25AE2523F692BF00FB0337 /* Main.storyboard */,
				5A25AE2823F692C100FB0337 /* Assets.xcassets */,
				5A25AE2A23F692C100FB0337 /* LaunchScreen.storyboard */,
				5A25AE2D23F692C100FB0337 /* Info.plist */,
				5A25AE2E23F692C100FB0337 /* main.m */,
			);
			path = BetKeyboard;
			sourceTree = "<group>";
		};
		5A25AE3523F694EB00FB0337 /* K8KeyboardViewController */ = {
			isa = PBXGroup;
			children = (
				5A25AE3623F694EB00FB0337 /* K8KeyboardViewController.h */,
				5A25AE3B23F694EB00FB0337 /* K8KeyboardViewController.m */,
				5A25AE3723F694EB00FB0337 /* K8Keyboard */,
			);
			path = K8KeyboardViewController;
			sourceTree = "<group>";
		};
		5A25AE3723F694EB00FB0337 /* K8Keyboard */ = {
			isa = PBXGroup;
			children = (
				5A25AE3823F694EB00FB0337 /* K8Keyboard.m */,
				5A25AE3923F694EB00FB0337 /* K8Keyboard.xib */,
				5A25AE3A23F694EB00FB0337 /* K8Keyboard.h */,
			);
			path = K8Keyboard;
			sourceTree = "<group>";
		};
		5A25AE4823F6A77000FB0337 /* BettingOrderViewController */ = {
			isa = PBXGroup;
			children = (
				5A25AE4923F6A77000FB0337 /* BettingOrderViewController.xib */,
				5A25AE4A23F6A77000FB0337 /* BettingOrderViewController.m */,
				5A25AE4B23F6A77000FB0337 /* BettingOrderViewController.h */,
				5A25AE4E23F6A78900FB0337 /* BettingOrderViewModel.h */,
				5A25AE4F23F6A78900FB0337 /* BettingOrderViewModel.m */,
				5A25AE5123F6A79B00FB0337 /* BettingOrderModel.h */,
				5A25AE5223F6A79B00FB0337 /* BettingOrderModel.m */,
			);
			path = BettingOrderViewController;
			sourceTree = "<group>";
		};
/* End PBXGroup section */

/* Begin PBXNativeTarget section */
		5A25AE1823F692BF00FB0337 /* BetKeyboard */ = {
			isa = PBXNativeTarget;
			buildConfigurationList = 5A25AE3223F692C100FB0337 /* Build configuration list for PBXNativeTarget "BetKeyboard" */;
			buildPhases = (
				5A25AE1523F692BF00FB0337 /* Sources */,
				5A25AE1623F692BF00FB0337 /* Frameworks */,
				5A25AE1723F692BF00FB0337 /* Resources */,
			);
			buildRules = (
			);
			dependencies = (
			);
			name = BetKeyboard;
			productName = BetKeyboard;
			productReference = 5A25AE1923F692BF00FB0337 /* BetKeyboard.app */;
			productType = "com.apple.product-type.application";
		};
/* End PBXNativeTarget section */

/* Begin PBXProject section */
		5A25AE1123F692BF00FB0337 /* Project object */ = {
			isa = PBXProject;
			attributes = {
				LastUpgradeCheck = 1130;
				ORGANIZATIONNAME = LAT;
				TargetAttributes = {
					5A25AE1823F692BF00FB0337 = {
						CreatedOnToolsVersion = 11.3;
					};
				};
			};
			buildConfigurationList = 5A25AE1423F692BF00FB0337 /* Build configuration list for PBXProject "BetKeyboard" */;
			compatibilityVersion = "Xcode 9.3";
			developmentRegion = en;
			hasScannedForEncodings = 0;
			knownRegions = (
				en,
				Base,
			);
			mainGroup = 5A25AE1023F692BF00FB0337;
			productRefGroup = 5A25AE1A23F692BF00FB0337 /* Products */;
			projectDirPath = "";
			projectRoot = "";
			targets = (
				5A25AE1823F692BF00FB0337 /* BetKeyboard */,
			);
		};
/* End PBXProject section */

/* Begin PBXResourcesBuildPhase section */
		5A25AE1723F692BF00FB0337 /* Resources */ = {
			isa = PBXResourcesBuildPhase;
			buildActionMask = 2147483647;
			files = (
				5A25AE4C23F6A77100FB0337 /* BettingOrderViewController.xib in Resources */,
				5A25AE2C23F692C100FB0337 /* LaunchScreen.storyboard in Resources */,
				5A25AE2923F692C100FB0337 /* Assets.xcassets in Resources */,
				5A25AE2723F692BF00FB0337 /* Main.storyboard in Resources */,
				5A25AE3D23F694EB00FB0337 /* K8Keyboard.xib in Resources */,
			);
			runOnlyForDeploymentPostprocessing = 0;
		};
/* End PBXResourcesBuildPhase section */

/* Begin PBXSourcesBuildPhase section */
		5A25AE1523F692BF00FB0337 /* Sources */ = {
			isa = PBXSourcesBuildPhase;
			buildActionMask = 2147483647;
			files = (
				5A25AE3E23F694EB00FB0337 /* K8KeyboardViewController.m in Sources */,
				5A25AE2423F692BF00FB0337 /* ViewController.m in Sources */,
				5A25AE1E23F692BF00FB0337 /* AppDelegate.m in Sources */,
				5A25AE3C23F694EB00FB0337 /* K8Keyboard.m in Sources */,
				5A25AE4D23F6A77100FB0337 /* BettingOrderViewController.m in Sources */,
				5A25AE2F23F692C100FB0337 /* main.m in Sources */,
				5A25AE2123F692BF00FB0337 /* SceneDelegate.m in Sources */,
				5A25AE5023F6A78900FB0337 /* BettingOrderViewModel.m in Sources */,
				5A25AE5323F6A79B00FB0337 /* BettingOrderModel.m in Sources */,
			);
			runOnlyForDeploymentPostprocessing = 0;
		};
/* End PBXSourcesBuildPhase section */

/* Begin PBXVariantGroup section */
		5A25AE2523F692BF00FB0337 /* Main.storyboard */ = {
			isa = PBXVariantGroup;
			children = (
				5A25AE2623F692BF00FB0337 /* Base */,
			);
			name = Main.storyboard;
			sourceTree = "<group>";
		};
		5A25AE2A23F692C100FB0337 /* LaunchScreen.storyboard */ = {
			isa = PBXVariantGroup;
			children = (
				5A25AE2B23F692C100FB0337 /* Base */,
			);
			name = LaunchScreen.storyboard;
			sourceTree = "<group>";
		};
/* End PBXVariantGroup section */

/* Begin XCBuildConfiguration section */
		5A25AE3023F692C100FB0337 /* Debug */ = {
			isa = XCBuildConfiguration;
			buildSettings = {
				ALWAYS_SEARCH_USER_PATHS = NO;
				CLANG_ANALYZER_NONNULL = YES;
				CLANG_ANALYZER_NUMBER_OBJECT_CONVERSION = YES_AGGRESSIVE;
				CLANG_CXX_LANGUAGE_STANDARD = "gnu++14";
				CLANG_CXX_LIBRARY = "libc++";
				CLANG_ENABLE_MODULES = YES;
				CLANG_ENABLE_OBJC_ARC = YES;
				CLANG_ENABLE_OBJC_WEAK = YES;
				CLANG_WARN_BLOCK_CAPTURE_AUTORELEASING = YES;
				CLANG_WARN_BOOL_CONVERSION = YES;
				CLANG_WARN_COMMA = YES;
				CLANG_WARN_CONSTANT_CONVERSION = YES;
				CLANG_WARN_DEPRECATED_OBJC_IMPLEMENTATIONS = YES;
				CLANG_WARN_DIRECT_OBJC_ISA_USAGE = YES_ERROR;
				CLANG_WARN_DOCUMENTATION_COMMENTS = YES;
				CLANG_WARN_EMPTY_BODY = YES;
				CLANG_WARN_ENUM_CONVERSION = YES;
				CLANG_WARN_INFINITE_RECURSION = YES;
				CLANG_WARN_INT_CONVERSION = YES;
				CLANG_WARN_NON_LITERAL_NULL_CONVERSION = YES;
				CLANG_WARN_OBJC_IMPLICIT_RETAIN_SELF = YES;
				CLANG_WARN_OBJC_LITERAL_CONVERSION = YES;
				CLANG_WARN_OBJC_ROOT_CLASS = YES_ERROR;
				CLANG_WARN_RANGE_LOOP_ANALYSIS = YES;
				CLANG_WARN_STRICT_PROTOTYPES = YES;
				CLANG_WARN_SUSPICIOUS_MOVE = YES;
				CLANG_WARN_UNGUARDED_AVAILABILITY = YES_AGGRESSIVE;
				CLANG_WARN_UNREACHABLE_CODE = YES;
				CLANG_WARN__DUPLICATE_METHOD_MATCH = YES;
				COPY_PHASE_STRIP = NO;
				DEBUG_INFORMATION_FORMAT = dwarf;
				ENABLE_STRICT_OBJC_MSGSEND = YES;
				ENABLE_TESTABILITY = YES;
				GCC_C_LANGUAGE_STANDARD = gnu11;
				GCC_DYNAMIC_NO_PIC = NO;
				GCC_NO_COMMON_BLOCKS = YES;
				GCC_OPTIMIZATION_LEVEL = 0;
				GCC_PREPROCESSOR_DEFINITIONS = (
					"DEBUG=1",
					"$(inherited)",
				);
				GCC_WARN_64_TO_32_BIT_CONVERSION = YES;
				GCC_WARN_ABOUT_RETURN_TYPE = YES_ERROR;
				GCC_WARN_UNDECLARED_SELECTOR = YES;
				GCC_WARN_UNINITIALIZED_AUTOS = YES_AGGRESSIVE;
				GCC_WARN_UNUSED_FUNCTION = YES;
				GCC_WARN_UNUSED_VARIABLE = YES;
				IPHONEOS_DEPLOYMENT_TARGET = 13.2;
				MTL_ENABLE_DEBUG_INFO = INCLUDE_SOURCE;
				MTL_FAST_MATH = YES;
				ONLY_ACTIVE_ARCH = YES;
				SDKROOT = iphoneos;
			};
			name = Debug;
		};
		5A25AE3123F692C100FB0337 /* Release */ = {
			isa = XCBuildConfiguration;
			buildSettings = {
				ALWAYS_SEARCH_USER_PATHS = NO;
				CLANG_ANALYZER_NONNULL = YES;
				CLANG_ANALYZER_NUMBER_OBJECT_CONVERSION = YES_AGGRESSIVE;
				CLANG_CXX_LANGUAGE_STANDARD = "gnu++14";
				CLANG_CXX_LIBRARY = "libc++";
				CLANG_ENABLE_MODULES = YES;
				CLANG_ENABLE_OBJC_ARC = YES;
				CLANG_ENABLE_OBJC_WEAK = YES;
				CLANG_WARN_BLOCK_CAPTURE_AUTORELEASING = YES;
				CLANG_WARN_BOOL_CONVERSION = YES;
				CLANG_WARN_COMMA = YES;
				CLANG_WARN_CONSTANT_CONVERSION = YES;
				CLANG_WARN_DEPRECATED_OBJC_IMPLEMENTATIONS = YES;
				CLANG_WARN_DIRECT_OBJC_ISA_USAGE = YES_ERROR;
				CLANG_WARN_DOCUMENTATION_COMMENTS = YES;
				CLANG_WARN_EMPTY_BODY = YES;
				CLANG_WARN_ENUM_CONVERSION = YES;
				CLANG_WARN_INFINITE_RECURSION = YES;
				CLANG_WARN_INT_CONVERSION = YES;
				CLANG_WARN_NON_LITERAL_NULL_CONVERSION = YES;
				CLANG_WARN_OBJC_IMPLICIT_RETAIN_SELF = YES;
				CLANG_WARN_OBJC_LITERAL_CONVERSION = YES;
				CLANG_WARN_OBJC_ROOT_CLASS = YES_ERROR;
				CLANG_WARN_RANGE_LOOP_ANALYSIS = YES;
				CLANG_WARN_STRICT_PROTOTYPES = YES;
				CLANG_WARN_SUSPICIOUS_MOVE = YES;
				CLANG_WARN_UNGUARDED_AVAILABILITY = YES_AGGRESSIVE;
				CLANG_WARN_UNREACHABLE_CODE = YES;
				CLANG_WARN__DUPLICATE_METHOD_MATCH = YES;
				COPY_PHASE_STRIP = NO;
				DEBUG_INFORMATION_FORMAT = "dwarf-with-dsym";
				ENABLE_NS_ASSERTIONS = NO;
				ENABLE_STRICT_OBJC_MSGSEND = YES;
				GCC_C_LANGUAGE_STANDARD = gnu11;
				GCC_NO_COMMON_BLOCKS = YES;
				GCC_WARN_64_TO_32_BIT_CONVERSION = YES;
				GCC_WARN_ABOUT_RETURN_TYPE = YES_ERROR;
				GCC_WARN_UNDECLARED_SELECTOR = YES;
				GCC_WARN_UNINITIALIZED_AUTOS = YES_AGGRESSIVE;
				GCC_WARN_UNUSED_FUNCTION = YES;
				GCC_WARN_UNUSED_VARIABLE = YES;
				IPHONEOS_DEPLOYMENT_TARGET = 13.2;
				MTL_ENABLE_DEBUG_INFO = NO;
				MTL_FAST_MATH = YES;
				SDKROOT = iphoneos;
				VALIDATE_PRODUCT = YES;
			};
			name = Release;
		};
		5A25AE3323F692C100FB0337 /* Debug */ = {
			isa = XCBuildConfiguration;
			buildSettings = {
				ASSETCATALOG_COMPILER_APPICON_NAME = AppIcon;
				CODE_SIGN_STYLE = Automatic;
				DEVELOPMENT_TEAM = B9S5Q6CAF2;
				INFOPLIST_FILE = BetKeyboard/Info.plist;
				LD_RUNPATH_SEARCH_PATHS = (
					"$(inherited)",
					"@executable_path/Frameworks",
				);
				PRODUCT_BUNDLE_IDENTIFIER = dummy.BetKeyboard;
				PRODUCT_NAME = "$(TARGET_NAME)";
				TARGETED_DEVICE_FAMILY = "1,2";
			};
			name = Debug;
		};
		5A25AE3423F692C100FB0337 /* Release */ = {
			isa = XCBuildConfiguration;
			buildSettings = {
				ASSETCATALOG_COMPILER_APPICON_NAME = AppIcon;
				CODE_SIGN_STYLE = Automatic;
				DEVELOPMENT_TEAM = B9S5Q6CAF2;
				INFOPLIST_FILE = BetKeyboard/Info.plist;
				LD_RUNPATH_SEARCH_PATHS = (
					"$(inherited)",
					"@executable_path/Frameworks",
				);
				PRODUCT_BUNDLE_IDENTIFIER = dummy.BetKeyboard;
				PRODUCT_NAME = "$(TARGET_NAME)";
				TARGETED_DEVICE_FAMILY = "1,2";
			};
			name = Release;
		};
/* End XCBuildConfiguration section */

/* Begin XCConfigurationList section */
		5A25AE1423F692BF00FB0337 /* Build configuration list for PBXProject "BetKeyboard" */ = {
			isa = XCConfigurationList;
			buildConfigurations = (
				5A25AE3023F692C100FB0337 /* Debug */,
				5A25AE3123F692C100FB0337 /* Release */,
			);
			defaultConfigurationIsVisible = 0;
			defaultConfigurationName = Release;
		};
		5A25AE3223F692C100FB0337 /* Build configuration list for PBXNativeTarget "BetKeyboard" */ = {
			isa = XCConfigurationList;
			buildConfigurations = (
				5A25AE3323F692C100FB0337 /* Debug */,
				5A25AE3423F692C100FB0337 /* Release */,
			);
			defaultConfigurationIsVisible = 0;
			defaultConfigurationName = Release;
		};
/* End XCConfigurationList section */
	};
	rootObject = 5A25AE1123F692BF00FB0337 /* Project object */;
}
